<?xml version="1.0" encoding="utf-8"?>
<Project ToolsVersion="4.0" xmlns="http://schemas.microsoft.com/developer/msbuild/2003">
  <ItemGroup>
    <ClCompile Include="src\Main.cpp">
      <Filter>Source</Filter>
    </ClCompile>
    <ClCompile Include="src\Collision.cpp">
      <Filter>Source\Interaction\Code</Filter>
    </ClCompile>
    <ClCompile Include="src\GameState_DontPeek.cpp">
      <Filter>Source\Levels\Code</Filter>
    </ClCompile>
    <ClCompile Include="src\GameStateMgr.cpp">
      <Filter>Source\Levels\Code</Filter>
    </ClCompile>
    <ClCompile Include="src\Menu.cpp">
      <Filter>Source\Levels\Code</Filter>
    </ClCompile>
    <ClCompile Include="src\Music.cpp">
      <Filter>Source\Environment\Code</Filter>
    </ClCompile>
    <ClCompile Include="src\Wall.cpp">
      <Filter>Source\Environment\Code</Filter>
    </ClCompile>
    <ClCompile Include="src\Door.cpp">
      <Filter>Source\Objects\Code</Filter>
    </ClCompile>
    <ClCompile Include="src\Eraser.cpp">
      <Filter>Source\Objects\Code</Filter>
    </ClCompile>
    <ClCompile Include="src\Highlighter.cpp">
      <Filter>Source\Objects\Code</Filter>
    </ClCompile>
    <ClCompile Include="src\Pencil.cpp">
      <Filter>Source\Objects\Code</Filter>
    </ClCompile>
    <ClCompile Include="src\Player.cpp">
      <Filter>Source\Objects\Code</Filter>
    </ClCompile>
    <ClCompile Include="src\Sharpener.cpp">
      <Filter>Source\Objects\Code</Filter>
    </ClCompile>
    <ClCompile Include="src\Win.cpp">
      <Filter>Source\Levels\Code</Filter>
    </ClCompile>
    <ClCompile Include="src\Tutorial.cpp">
      <Filter>Source\Levels\Code</Filter>
    </ClCompile>
    <ClCompile Include="src\Credits.cpp">
      <Filter>Source\Levels\Code</Filter>
    </ClCompile>
<<<<<<< HEAD
    <ClCompile Include="src\Howtoplay.cpp">
=======
    <ClCompile Include="src\Lose.cpp">
      <Filter>Source\Levels\Code</Filter>
    </ClCompile>
    <ClCompile Include="src\Pause.cpp">
>>>>>>> DEAD
      <Filter>Source\Levels\Code</Filter>
    </ClCompile>
  </ItemGroup>
  <ItemGroup>
    <ClInclude Include="src\Main.h">
      <Filter>Source</Filter>
    </ClInclude>
    <ClInclude Include="src\Collision.h">
      <Filter>Source\Interaction\Header</Filter>
    </ClInclude>
    <ClInclude Include="src\fmod.hpp">
      <Filter>Source\Environment\Header</Filter>
    </ClInclude>
    <ClInclude Include="src\fmod_android.h">
      <Filter>Source\Environment\Header</Filter>
    </ClInclude>
    <ClInclude Include="src\fmod_codec.h">
      <Filter>Source\Environment\Header</Filter>
    </ClInclude>
    <ClInclude Include="src\fmod_common.h">
      <Filter>Source\Environment\Header</Filter>
    </ClInclude>
    <ClInclude Include="src\fmod_dsp.h">
      <Filter>Source\Environment\Header</Filter>
    </ClInclude>
    <ClInclude Include="src\fmod_dsp_effects.h">
      <Filter>Source\Environment\Header</Filter>
    </ClInclude>
    <ClInclude Include="src\fmod_errors.h">
      <Filter>Source\Environment\Header</Filter>
    </ClInclude>
    <ClInclude Include="src\fmod_output.h">
      <Filter>Source\Environment\Header</Filter>
    </ClInclude>
    <ClInclude Include="src\fmod_studio.h">
      <Filter>Source\Environment\Header</Filter>
    </ClInclude>
    <ClInclude Include="src\fmod_studio.hpp">
      <Filter>Source\Environment\Header</Filter>
    </ClInclude>
    <ClInclude Include="src\fmod_studio_common.h">
      <Filter>Source\Environment\Header</Filter>
    </ClInclude>
    <ClInclude Include="src\GameState_DontPeek.h">
      <Filter>Source\Levels\Header</Filter>
    </ClInclude>
    <ClInclude Include="src\GameStateList.h">
      <Filter>Source\Levels\Header</Filter>
    </ClInclude>
    <ClInclude Include="src\GameStateMgr.h">
      <Filter>Source\Levels\Header</Filter>
    </ClInclude>
    <ClInclude Include="src\Menu.h">
      <Filter>Source\Levels\Header</Filter>
    </ClInclude>
    <ClInclude Include="src\Music.h">
      <Filter>Source\Environment\Header</Filter>
    </ClInclude>
    <ClInclude Include="src\Wall.h">
      <Filter>Source\Environment\Header</Filter>
    </ClInclude>
    <ClInclude Include="src\Door.h">
      <Filter>Source\Objects\Header</Filter>
    </ClInclude>
    <ClInclude Include="src\Eraser.h">
      <Filter>Source\Objects\Header</Filter>
    </ClInclude>
    <ClInclude Include="src\Highlighter.h">
      <Filter>Source\Objects\Header</Filter>
    </ClInclude>
    <ClInclude Include="src\Pencil.h">
      <Filter>Source\Objects\Header</Filter>
    </ClInclude>
    <ClInclude Include="src\Player.h">
      <Filter>Source\Objects\Header</Filter>
    </ClInclude>
    <ClInclude Include="src\Sharpener.h">
      <Filter>Source\Objects\Header</Filter>
    </ClInclude>
    <ClInclude Include="src\Win.h">
      <Filter>Source\Levels\Header</Filter>
    </ClInclude>
    <ClInclude Include="src\Tutorial.h">
      <Filter>Source\Levels\Header</Filter>
    </ClInclude>
    <ClInclude Include="src\Credits.h">
      <Filter>Source\Levels\Header</Filter>
    </ClInclude>
<<<<<<< HEAD
    <ClInclude Include="src\Howtoplay.h">
=======
    <ClInclude Include="src\Lose.h">
      <Filter>Source\Levels\Header</Filter>
    </ClInclude>
    <ClInclude Include="src\Pause.h">
>>>>>>> DEAD
      <Filter>Source\Levels\Header</Filter>
    </ClInclude>
  </ItemGroup>
  <ItemGroup>
    <Image Include="Resources\eraser.png">
      <Filter>Resources</Filter>
    </Image>
    <Image Include="..\..\..\..\Desktop\drawings\Sharpener_Animation.png">
      <Filter>Resources</Filter>
    </Image>
    <Image Include="Resources\Door.png">
      <Filter>Resources</Filter>
    </Image>
    <Image Include="Resources\win.png">
      <Filter>Resources</Filter>
    </Image>
  </ItemGroup>
  <ItemGroup>
    <Filter Include="Source">
      <UniqueIdentifier>{7489c55f-22a2-4685-8c3d-65dde9ce5af5}</UniqueIdentifier>
    </Filter>
    <Filter Include="Source\Environment">
      <UniqueIdentifier>{24fad4bf-f391-433e-8da5-6fdc828500f5}</UniqueIdentifier>
    </Filter>
    <Filter Include="Source\Levels">
      <UniqueIdentifier>{fd8a22c2-b27a-4d19-8838-086d0580e1c5}</UniqueIdentifier>
    </Filter>
    <Filter Include="Source\Objects">
      <UniqueIdentifier>{edeb108a-082c-4f2d-a139-2c1ff7d21556}</UniqueIdentifier>
    </Filter>
    <Filter Include="Source\Interaction">
      <UniqueIdentifier>{9761acba-99e0-4f21-8d64-74b65949f862}</UniqueIdentifier>
    </Filter>
    <Filter Include="Source\Environment\Header">
      <UniqueIdentifier>{9a5d8e85-d0c1-470c-851c-d0235d22d5af}</UniqueIdentifier>
    </Filter>
    <Filter Include="Source\Environment\Code">
      <UniqueIdentifier>{d4f261e6-4ebd-450f-806d-9afe9a0a832e}</UniqueIdentifier>
    </Filter>
    <Filter Include="Source\Levels\Header">
      <UniqueIdentifier>{2c8e4406-c2c8-4bee-ac3c-91facdac9131}</UniqueIdentifier>
    </Filter>
    <Filter Include="Source\Levels\Code">
      <UniqueIdentifier>{84dbaa5b-4d79-4c93-80d6-59996494399f}</UniqueIdentifier>
    </Filter>
    <Filter Include="Source\Interaction\Header">
      <UniqueIdentifier>{2ff89050-a536-4e89-8fff-da04f5e4016d}</UniqueIdentifier>
    </Filter>
    <Filter Include="Source\Interaction\Code">
      <UniqueIdentifier>{6f4906ad-37ff-40ef-b7db-308c456f6fec}</UniqueIdentifier>
    </Filter>
    <Filter Include="Source\Objects\Header">
      <UniqueIdentifier>{e90f715f-2318-443d-b517-5d49b40684eb}</UniqueIdentifier>
    </Filter>
    <Filter Include="Source\Objects\Code">
      <UniqueIdentifier>{237288fe-90d0-400d-849d-84c217ca90e7}</UniqueIdentifier>
    </Filter>
    <Filter Include="Resources">
      <UniqueIdentifier>{59a72dc6-fb63-465a-acfe-770032c6f300}</UniqueIdentifier>
    </Filter>
  </ItemGroup>
</Project>