<?xml version="1.0" encoding="utf-8"?>
<Project ToolsVersion="4.0" xmlns="http://schemas.microsoft.com/developer/msbuild/2003">
  <ItemGroup>
    <ClCompile Include="src\Main.cpp" />
    <ClCompile Include="src\Collision.cpp">
      <Filter>Source\Interaction\Code</Filter>
    </ClCompile>
    <ClCompile Include="src\Credits.cpp">
      <Filter>Source\Level\Code</Filter>
    </ClCompile>
    <ClCompile Include="src\Door.cpp">
      <Filter>Source\Object\Code</Filter>
    </ClCompile>
    <ClCompile Include="src\Eraser.cpp">
      <Filter>Source\Object\Code</Filter>
    </ClCompile>
    <ClCompile Include="src\GameState_DontPeek.cpp">
      <Filter>Source\Level\Code</Filter>
    </ClCompile>
    <ClCompile Include="src\GameStateMgr.cpp">
      <Filter>Source\Level\Code</Filter>
    </ClCompile>
    <ClCompile Include="src\Highlighter.cpp">
      <Filter>Source\Object\Code</Filter>
    </ClCompile>
    <ClCompile Include="src\HowToPlay2.cpp">
      <Filter>Source\Level\Code</Filter>
    </ClCompile>
    <ClCompile Include="src\Level 1.cpp">
      <Filter>Source\Level\Code</Filter>
    </ClCompile>
    <ClCompile Include="src\Lose.cpp">
      <Filter>Source\Environment\Code</Filter>
    </ClCompile>
    <ClCompile Include="src\Menu.cpp">
      <Filter>Source\Level\Code</Filter>
    </ClCompile>
    <ClCompile Include="src\Music.cpp">
      <Filter>Source\Environment\Code</Filter>
    </ClCompile>
    <ClCompile Include="src\Pause.cpp">
      <Filter>Source\Environment\Code</Filter>
    </ClCompile>
    <ClCompile Include="src\Pencil.cpp">
      <Filter>Source\Object\Code</Filter>
    </ClCompile>
    <ClCompile Include="src\Player.cpp">
      <Filter>Source\Object\Code</Filter>
    </ClCompile>
    <ClCompile Include="src\Sharpener.cpp">
      <Filter>Source\Object\Code</Filter>
    </ClCompile>
    <ClCompile Include="src\SplashScreen.cpp">
      <Filter>Source\Environment\Code</Filter>
    </ClCompile>
    <ClCompile Include="src\Tutorial.cpp">
      <Filter>Source\Level\Code</Filter>
    </ClCompile>
    <ClCompile Include="src\Wall.cpp">
      <Filter>Source\Environment\Code</Filter>
    </ClCompile>
    <ClCompile Include="src\Win.cpp">
      <Filter>Source\Environment\Code</Filter>
    </ClCompile>
    <ClCompile Include="src\Level Select.cpp">
      <Filter>Source\Level\Code</Filter>
    </ClCompile>
    <ClCompile Include="src\Restart.cpp">
      <Filter>Source\Level\Code</Filter>
    </ClCompile>
    <ClCompile Include="src\Rules.cpp">
      <Filter>Source\Level\Code</Filter>
    </ClCompile>
    <ClCompile Include="src\Animation.cpp">
      <Filter>Source\Interaction\Code</Filter>
    </ClCompile>
  </ItemGroup>
  <ItemGroup>
    <ClInclude Include="src\Main.h" />
    <ClInclude Include="src\Collision.h">
      <Filter>Source\Interaction\Header</Filter>
    </ClInclude>
    <ClInclude Include="src\Credits.h">
      <Filter>Source\Level\Header</Filter>
    </ClInclude>
    <ClInclude Include="src\Door.h">
      <Filter>Source\Object\Header</Filter>
    </ClInclude>
    <ClInclude Include="src\Eraser.h">
      <Filter>Source\Object\Header</Filter>
    </ClInclude>
    <ClInclude Include="src\fmod.h">
      <Filter>Source\Environment\Header</Filter>
    </ClInclude>
    <ClInclude Include="src\fmod.hpp">
      <Filter>Source\Environment\Header</Filter>
    </ClInclude>
    <ClInclude Include="src\fmod_android.h">
      <Filter>Source\Environment\Header</Filter>
    </ClInclude>
    <ClInclude Include="src\fmod_codec.h">
      <Filter>Source\Environment\Header</Filter>
    </ClInclude>
    <ClInclude Include="src\fmod_common.h">
      <Filter>Source\Environment\Header</Filter>
    </ClInclude>
    <ClInclude Include="src\fmod_dsp.h">
      <Filter>Source\Environment\Header</Filter>
    </ClInclude>
    <ClInclude Include="src\fmod_dsp_effects.h">
      <Filter>Source\Environment\Header</Filter>
    </ClInclude>
    <ClInclude Include="src\fmod_errors.h">
      <Filter>Source\Environment\Header</Filter>
    </ClInclude>
    <ClInclude Include="src\fmod_output.h">
      <Filter>Source\Environment\Header</Filter>
    </ClInclude>
    <ClInclude Include="src\GameState_DontPeek.h">
      <Filter>Source\Level\Header</Filter>
    </ClInclude>
    <ClInclude Include="src\GameStateList.h">
      <Filter>Source\Level\Header</Filter>
    </ClInclude>
    <ClInclude Include="src\GameStateMgr.h">
      <Filter>Source\Level\Header</Filter>
    </ClInclude>
    <ClInclude Include="src\Highlighter.h">
      <Filter>Source\Object\Header</Filter>
    </ClInclude>
    <ClInclude Include="src\HowToPlay2.h">
      <Filter>Source\Level\Header</Filter>
    </ClInclude>
    <ClInclude Include="src\Level 1.h">
      <Filter>Source\Level\Header</Filter>
    </ClInclude>
    <ClInclude Include="src\Lose.h">
      <Filter>Source\Environment\Header</Filter>
    </ClInclude>
    <ClInclude Include="src\Menu.h">
      <Filter>Source\Level\Header</Filter>
    </ClInclude>
    <ClInclude Include="src\Music.h">
      <Filter>Source\Environment\Header</Filter>
    </ClInclude>
    <ClInclude Include="src\Pause.h">
      <Filter>Source\Environment\Header</Filter>
    </ClInclude>
    <ClInclude Include="src\Pencil.h">
      <Filter>Source\Object\Header</Filter>
    </ClInclude>
    <ClInclude Include="src\Player.h">
      <Filter>Source\Object\Header</Filter>
    </ClInclude>
    <ClInclude Include="src\Sharpener.h">
      <Filter>Source\Object\Header</Filter>
    </ClInclude>
    <ClInclude Include="src\SplashScreen.h">
      <Filter>Source\Environment\Header</Filter>
    </ClInclude>
    <ClInclude Include="src\Tutorial.h">
      <Filter>Source\Level\Header</Filter>
    </ClInclude>
    <ClInclude Include="src\Wall.h">
      <Filter>Source\Environment\Header</Filter>
    </ClInclude>
    <ClInclude Include="src\Win.h">
      <Filter>Source\Environment\Header</Filter>
    </ClInclude>
    <ClInclude Include="src\Level Select.h">
      <Filter>Source\Level\Header</Filter>
    </ClInclude>
    <ClInclude Include="src\Restart.h">
      <Filter>Source\Level\Header</Filter>
    </ClInclude>
    <ClInclude Include="src\Rules.h">
      <Filter>Source\Level\Header</Filter>
    </ClInclude>
    <ClInclude Include="src\Animation.h">
      <Filter>Source\Interaction\Header</Filter>
    </ClInclude>
  </ItemGroup>
  <ItemGroup>
    <Image Include="Resources\Door.png">
      <Filter>Resource</Filter>
    </Image>
    <Image Include="Resources\eraser.png">
      <Filter>Resource</Filter>
    </Image>
    <Image Include="..\..\..\..\Desktop\drawings\Sharpener_Animation.png">
      <Filter>Resource</Filter>
    </Image>
    <Image Include="Resources\win.png">
      <Filter>Resource</Filter>
    </Image>
  </ItemGroup>
  <ItemGroup>
    <Filter Include="Resource">
      <UniqueIdentifier>{ae33894f-b710-4941-af96-7c6203907600}</UniqueIdentifier>
    </Filter>
    <Filter Include="Source">
      <UniqueIdentifier>{3dbbde8d-4062-4ca8-ac94-ecb5d28ac8e1}</UniqueIdentifier>
    </Filter>
    <Filter Include="Source\Environment">
      <UniqueIdentifier>{3c9a24ea-34f8-4dca-b7d3-2aae506a084f}</UniqueIdentifier>
    </Filter>
    <Filter Include="Source\Level">
      <UniqueIdentifier>{f4de9f87-d217-4867-b4e1-d660bb8bcec5}</UniqueIdentifier>
    </Filter>
    <Filter Include="Source\Interaction">
      <UniqueIdentifier>{6dbee018-e75e-4ded-94ce-1cb824a67110}</UniqueIdentifier>
    </Filter>
    <Filter Include="Source\Object">
      <UniqueIdentifier>{356102eb-45c0-47f1-a364-657d882b3c3a}</UniqueIdentifier>
    </Filter>
    <Filter Include="Source\Environment\Header">
      <UniqueIdentifier>{c516bee0-8af4-467f-a681-2778d93c02b1}</UniqueIdentifier>
    </Filter>
    <Filter Include="Source\Environment\Code">
      <UniqueIdentifier>{3572096b-7c73-4d69-a57c-42ca98e6be10}</UniqueIdentifier>
    </Filter>
    <Filter Include="Source\Level\Header">
      <UniqueIdentifier>{5d56ef0a-3046-426d-afa8-e0d31c0368b7}</UniqueIdentifier>
    </Filter>
    <Filter Include="Source\Level\Code">
      <UniqueIdentifier>{09ac4ec0-472e-4c1e-8709-ba8d84405ec4}</UniqueIdentifier>
    </Filter>
    <Filter Include="Source\Interaction\Header">
      <UniqueIdentifier>{4dfa6ea8-2b36-4ec5-a095-d7ed53c56d09}</UniqueIdentifier>
    </Filter>
    <Filter Include="Source\Interaction\Code">
      <UniqueIdentifier>{6e251db0-1c8c-42d7-9fbb-d6e78cc1a4eb}</UniqueIdentifier>
    </Filter>
    <Filter Include="Source\Object\Header">
      <UniqueIdentifier>{0727cd98-c4db-4e6c-89ef-402c9f7962f4}</UniqueIdentifier>
    </Filter>
    <Filter Include="Source\Object\Code">
      <UniqueIdentifier>{bb77df07-0163-45ca-8ef9-c467c258b831}</UniqueIdentifier>
    </Filter>
  </ItemGroup>
</Project>