<?xml version="1.0" encoding="utf-8"?>
<Project ToolsVersion="4.0" xmlns="http://schemas.microsoft.com/developer/msbuild/2003">
  <ItemGroup>
    <Filter Include="Source Files">
      <UniqueIdentifier>{4FC737F1-C7A5-4376-A066-2A32D752A2FF}</UniqueIdentifier>
      <Extensions>cpp;c;cc;cxx;c++;cppm;ixx;def;odl;idl;hpj;bat;asm;asmx</Extensions>
    </Filter>
    <Filter Include="Header Files">
      <UniqueIdentifier>{93995380-89BD-4b04-88EB-625FBE52EBFB}</UniqueIdentifier>
      <Extensions>h;hh;hpp;hxx;h++;hm;inl;inc;ipp;xsd</Extensions>
    </Filter>
    <Filter Include="Resource Files">
      <UniqueIdentifier>{67DA6AB6-F800-4c08-8B7A-83BB121AAD01}</UniqueIdentifier>
      <Extensions>rc;ico;cur;bmp;dlg;rc2;rct;bin;rgs;gif;jpg;jpeg;jpe;resx;tiff;tif;png;wav;mfcribbon-ms</Extensions>
    </Filter>
    <Filter Include="Source Files\Objects">
      <UniqueIdentifier>{ebd4b5cf-9dbf-4c49-953f-da738fe577b5}</UniqueIdentifier>
    </Filter>
    <Filter Include="Source Files\Interaction">
      <UniqueIdentifier>{1d456847-7a49-4cc7-a232-ea7798d4de4d}</UniqueIdentifier>
    </Filter>
    <Filter Include="Source Files\Environment">
      <UniqueIdentifier>{58528bc4-3748-45b5-974e-42462378cd11}</UniqueIdentifier>
    </Filter>
    <Filter Include="Source Files\Levels">
      <UniqueIdentifier>{145f7333-551f-4722-9788-59b3964cf770}</UniqueIdentifier>
    </Filter>
    <Filter Include="Source Files\Levels\Header">
      <UniqueIdentifier>{a6025cff-6807-448f-acd3-2d154ee3d800}</UniqueIdentifier>
    </Filter>
    <Filter Include="Source Files\Levels\Code">
      <UniqueIdentifier>{05a23283-a572-408d-b7dd-5d2ae49350b6}</UniqueIdentifier>
    </Filter>
    <Filter Include="Source Files\Objects\Sharpener">
      <UniqueIdentifier>{40642724-69bd-46f4-883f-f5bbf62dbb19}</UniqueIdentifier>
    </Filter>
    <Filter Include="Source Files\Objects\Sharpener\Code">
      <UniqueIdentifier>{083cbbc8-657f-45b9-a57a-345081a62340}</UniqueIdentifier>
    </Filter>
    <Filter Include="Source Files\Objects\Sharpener\Header">
      <UniqueIdentifier>{8f5d031a-1682-4324-8366-582ec0db37f1}</UniqueIdentifier>
    </Filter>
    <Filter Include="Source Files\Objects\Door">
      <UniqueIdentifier>{e9278e22-e847-4bfa-bf46-6f01584a80d3}</UniqueIdentifier>
    </Filter>
    <Filter Include="Source Files\Objects\Door\Code">
      <UniqueIdentifier>{50dea55d-8c3f-479b-be7a-818e22f75d09}</UniqueIdentifier>
    </Filter>
    <Filter Include="Source Files\Objects\Door\Header">
      <UniqueIdentifier>{1d98fc5e-a70d-482c-94f1-219ef58568da}</UniqueIdentifier>
    </Filter>
    <Filter Include="Source Files\Objects\Player">
      <UniqueIdentifier>{c8068fd0-222d-4ef2-b02f-6c2983e39ba6}</UniqueIdentifier>
    </Filter>
    <Filter Include="Source Files\Objects\Player\Header">
      <UniqueIdentifier>{70c17535-70ff-4ff7-99b0-f7ac3195bfee}</UniqueIdentifier>
    </Filter>
    <Filter Include="Source Files\Objects\Player\Code">
      <UniqueIdentifier>{711a7d40-e691-4d4f-85d8-490528ab5b8a}</UniqueIdentifier>
    </Filter>
    <Filter Include="Source Files\Objects\Highlighter">
      <UniqueIdentifier>{0048c620-3e96-4eaf-b217-1ec9104b6e23}</UniqueIdentifier>
    </Filter>
    <Filter Include="Source Files\Objects\Highlighter\Code">
      <UniqueIdentifier>{8591db35-1f8c-4b80-844d-12c9f08d72ba}</UniqueIdentifier>
    </Filter>
    <Filter Include="Source Files\Objects\Highlighter\Header">
      <UniqueIdentifier>{4aa85340-7eb3-4069-9b70-ddb4148c9d32}</UniqueIdentifier>
    </Filter>
    <Filter Include="Source Files\Objects\Eraser">
      <UniqueIdentifier>{f5595287-94c9-43cb-9250-2f94b553da89}</UniqueIdentifier>
    </Filter>
    <Filter Include="Source Files\Objects\Eraser\Code">
      <UniqueIdentifier>{081af3ae-6a91-48e8-bc87-3d46d776e86e}</UniqueIdentifier>
    </Filter>
    <Filter Include="Source Files\Objects\Eraser\Header">
      <UniqueIdentifier>{82ff8b7f-857f-4e60-85bf-b3231568b1af}</UniqueIdentifier>
    </Filter>
  </ItemGroup>
  <ItemGroup>
    <ClCompile Include="src\Collision.cpp">
      <Filter>Source Files\Interaction</Filter>
    </ClCompile>
    <ClCompile Include="src\GameStateMgr.cpp">
      <Filter>Source Files\Levels\Code</Filter>
    </ClCompile>
    <ClCompile Include="src\GameState_DontPeek.cpp">
      <Filter>Source Files\Levels\Code</Filter>
    </ClCompile>
    <ClCompile Include="src\Main.cpp">
      <Filter>Source Files</Filter>
    </ClCompile>
    <ClCompile Include="src\Sharpener.cpp">
      <Filter>Source Files\Objects\Sharpener\Code</Filter>
    </ClCompile>
    <ClCompile Include="src\Wall.cpp">
      <Filter>Source Files\Environment</Filter>
    </ClCompile>
    <ClCompile Include="src\Door.cpp">
      <Filter>Source Files\Objects\Door\Code</Filter>
    </ClCompile>
    <ClCompile Include="src\Player.cpp">
      <Filter>Source Files\Objects\Player\Code</Filter>
    </ClCompile>
    <ClCompile Include="src\Highlighter.cpp">
      <Filter>Source Files\Objects\Highlighter\Code</Filter>
    </ClCompile>
    <ClCompile Include="src\Level 1.cpp">
      <Filter>Source Files\Environment</Filter>
    </ClCompile>
    <ClCompile Include="src\Eraser.cpp">
      <Filter>Source Files\Objects\Eraser\Code</Filter>
    </ClCompile>
  </ItemGroup>
  <ItemGroup>
    <ClInclude Include="src\Collision.h">
      <Filter>Source Files\Interaction</Filter>
    </ClInclude>
    <ClInclude Include="src\GameStateMgr.h">
      <Filter>Source Files\Levels\Header</Filter>
    </ClInclude>
    <ClInclude Include="src\GameStateList.h">
      <Filter>Source Files\Levels\Header</Filter>
    </ClInclude>
    <ClInclude Include="src\GameState_DontPeek.h">
      <Filter>Source Files\Levels\Header</Filter>
    </ClInclude>
    <ClInclude Include="src\Sharpener.h">
      <Filter>Source Files\Objects\Sharpener\Header</Filter>
    </ClInclude>
    <ClInclude Include="src\Wall.h">
      <Filter>Source Files\Environment</Filter>
    </ClInclude>
    <ClInclude Include="src\Door.h">
      <Filter>Source Files\Objects\Door\Header</Filter>
    </ClInclude>
    <ClInclude Include="src\Player.h">
      <Filter>Source Files\Objects\Player\Header</Filter>
    </ClInclude>
    <ClInclude Include="src\Highlighter.h">
      <Filter>Source Files\Objects\Highlighter\Header</Filter>
    </ClInclude>
    <ClInclude Include="src\Level 1.h">
      <Filter>Source Files\Environment</Filter>
    </ClInclude>
    <ClInclude Include="src\Eraser.h">
      <Filter>Source Files\Objects\Eraser\Header</Filter>
    </ClInclude>
  </ItemGroup>
  <ItemGroup>
    <Image Include="..\..\..\..\Desktop\drawings\Sharpener_Animation.png">
      <Filter>Resource Files</Filter>
    </Image>
    <ClInclude Include="src\Main.h">
      <Filter>Source Files</Filter>
    </ClInclude>
    <Image Include="Resources\eraser.png">
      <Filter>Resource Files</Filter>
    </Image>
  </ItemGroup>
</Project>